
Microsoft Visual Studio Solution File, Format Version 12.00
# Visual Studio 15
VisualStudioVersion = 15.0.26730.16
MinimumVisualStudioVersion = 10.0.40219.1
Project("{FAE04EC0-301F-11D3-BF4B-00C04F79EFBC}") = "Game2", "Game2\Game2.csproj", "{95EA98EE-C8A7-4AEA-AF59-9A6F8B764D64}"
EndProject
Global
	GlobalSection(SolutionConfigurationPlatforms) = preSolution
		Debug|x86 = Debug|x86
		Release|x86 = Release|x86
	EndGlobalSection
	GlobalSection(ProjectConfigurationPlatforms) = postSolution
		{95EA98EE-C8A7-4AEA-AF59-9A6F8B764D64}.Debug|x86.ActiveCfg = Debug|x86
		{95EA98EE-C8A7-4AEA-AF59-9A6F8B764D64}.Debug|x86.Build.0 = Debug|x86
		{95EA98EE-C8A7-4AEA-AF59-9A6F8B764D64}.Release|x86.ActiveCfg = Release|x86
		{95EA98EE-C8A7-4AEA-AF59-9A6F8B764D64}.Release|x86.Build.0 = Release|x86
	EndGlobalSection
	GlobalSection(SolutionProperties) = preSolution
		HideSolutionNode = FALSE
	EndGlobalSection
	GlobalSection(ExtensibilityGlobals) = postSolution
		SolutionGuid = {7F32DB14-4923-47E6-842B-1406D398F443}
	EndGlobalSection
EndGlobal
